
Microsoft Visual Studio Solution File, Format Version 12.00
# Visual Studio Version 16
VisualStudioVersion = 16.0.33027.164
MinimumVisualStudioVersion = 10.0.40219.1
Project("{FAE04EC0-301F-11D3-BF4B-00C04F79EFBC}") = "SaberList", "SaberList.csproj", "{026D5690-2993-4D70-97ED-D9C548AE18B9}"
EndProject
Global
	GlobalSection(SolutionConfigurationPlatforms) = preSolution
		Debug|Any CPU = Debug|Any CPU
		Release|Any CPU = Release|Any CPU
	EndGlobalSection
	GlobalSection(ProjectConfigurationPlatforms) = postSolution
		{026D5690-2993-4D70-97ED-D9C548AE18B9}.Debug|Any CPU.ActiveCfg = Debug|Any CPU
		{026D5690-2993-4D70-97ED-D9C548AE18B9}.Debug|Any CPU.Build.0 = Debug|Any CPU
		{026D5690-2993-4D70-97ED-D9C548AE18B9}.Release|Any CPU.ActiveCfg = Release|Any CPU
		{026D5690-2993-4D70-97ED-D9C548AE18B9}.Release|Any CPU.Build.0 = Release|Any CPU
	EndGlobalSection
	GlobalSection(SolutionProperties) = preSolution
		HideSolutionNode = FALSE
	EndGlobalSection
	GlobalSection(ExtensibilityGlobals) = postSolution
		SolutionGuid = {81230062-D39B-4C48-A6D0-F3F5C273DA47}
	EndGlobalSection
EndGlobal
